// !$*UTF8*$!
{
	archiveVersion = 1;
	classes = {
	};
	objectVersion = 50;
	objects = {

/* Begin PBXBuildFile section */
		CCC2C8942285BD4C00E79ADA /* AppDelegate.swift in Sources */ = {isa = PBXBuildFile; fileRef = CCC2C8932285BD4C00E79ADA /* AppDelegate.swift */; };
		CCC2C8962285BD4C00E79ADA /* ViewController.swift in Sources */ = {isa = PBXBuildFile; fileRef = CCC2C8952285BD4C00E79ADA /* ViewController.swift */; };
		CCC2C8992285BD4C00E79ADA /* Main.storyboard in Resources */ = {isa = PBXBuildFile; fileRef = CCC2C8972285BD4C00E79ADA /* Main.storyboard */; };
		CCC2C89B2285BD4E00E79ADA /* Assets.xcassets in Resources */ = {isa = PBXBuildFile; fileRef = CCC2C89A2285BD4E00E79ADA /* Assets.xcassets */; };
		CCC2C89E2285BD4E00E79ADA /* LaunchScreen.storyboard in Resources */ = {isa = PBXBuildFile; fileRef = CCC2C89C2285BD4E00E79ADA /* LaunchScreen.storyboard */; };
		CCC2C8A62285BEDA00E79ADA /* TimeConsumingActivityItemProvider.swift in Sources */ = {isa = PBXBuildFile; fileRef = CCC2C8A52285BEDA00E79ADA /* TimeConsumingActivityItemProvider.swift */; };
		CCC2C8A822860B2C00E79ADA /* Progress.storyboard in Resources */ = {isa = PBXBuildFile; fileRef = CCC2C8A722860B2C00E79ADA /* Progress.storyboard */; };
		CCC2C8AA22860B6A00E79ADA /* ProgressViewController.swift in Sources */ = {isa = PBXBuildFile; fileRef = CCC2C8A922860B6A00E79ADA /* ProgressViewController.swift */; };
		CCC2C8AC2286302100E79ADA /* README.md in Resources */ = {isa = PBXBuildFile; fileRef = CCC2C8AB2286302100E79ADA /* README.md */; };
/* End PBXBuildFile section */

/* Begin PBXFileReference section */
		CCC2C8902285BD4C00E79ADA /* ProgressingActivityItemProvider.app */ = {isa = PBXFileReference; explicitFileType = wrapper.application; includeInIndex = 0; path = ProgressingActivityItemProvider.app; sourceTree = BUILT_PRODUCTS_DIR; };
		CCC2C8932285BD4C00E79ADA /* AppDelegate.swift */ = {isa = PBXFileReference; lastKnownFileType = sourcecode.swift; path = AppDelegate.swift; sourceTree = "<group>"; };
		CCC2C8952285BD4C00E79ADA /* ViewController.swift */ = {isa = PBXFileReference; lastKnownFileType = sourcecode.swift; path = ViewController.swift; sourceTree = "<group>"; };
		CCC2C8982285BD4C00E79ADA /* Base */ = {isa = PBXFileReference; lastKnownFileType = file.storyboard; name = Base; path = Base.lproj/Main.storyboard; sourceTree = "<group>"; };
		CCC2C89A2285BD4E00E79ADA /* Assets.xcassets */ = {isa = PBXFileReference; lastKnownFileType = folder.assetcatalog; path = Assets.xcassets; sourceTree = "<group>"; };
		CCC2C89D2285BD4E00E79ADA /* Base */ = {isa = PBXFileReference; lastKnownFileType = file.storyboard; name = Base; path = Base.lproj/LaunchScreen.storyboard; sourceTree = "<group>"; };
		CCC2C89F2285BD4E00E79ADA /* Info.plist */ = {isa = PBXFileReference; lastKnownFileType = text.plist.xml; path = Info.plist; sourceTree = "<group>"; };
		CCC2C8A52285BEDA00E79ADA /* TimeConsumingActivityItemProvider.swift */ = {isa = PBXFileReference; lastKnownFileType = sourcecode.swift; path = TimeConsumingActivityItemProvider.swift; sourceTree = "<group>"; };
		CCC2C8A722860B2C00E79ADA /* Progress.storyboard */ = {isa = PBXFileReference; lastKnownFileType = file.storyboard; path = Progress.storyboard; sourceTree = "<group>"; };
		CCC2C8A922860B6A00E79ADA /* ProgressViewController.swift */ = {isa = PBXFileReference; lastKnownFileType = sourcecode.swift; path = ProgressViewController.swift; sourceTree = "<group>"; };
		CCC2C8AB2286302100E79ADA /* README.md */ = {isa = PBXFileReference; fileEncoding = 4; lastKnownFileType = net.daringfireball.markdown; path = README.md; sourceTree = SOURCE_ROOT; };
/* End PBXFileReference section */

/* Begin PBXFrameworksBuildPhase section */
		CCC2C88D2285BD4C00E79ADA /* Frameworks */ = {
			isa = PBXFrameworksBuildPhase;
			buildActionMask = 2147483647;
			files = (
			);
			runOnlyForDeploymentPostprocessing = 0;
		};
/* End PBXFrameworksBuildPhase section */

/* Begin PBXGroup section */
		CCC2C8872285BD4C00E79ADA = {
			isa = PBXGroup;
			children = (
				CCC2C8922285BD4C00E79ADA /* ProgressingActivityItemProvider */,
				CCC2C8912285BD4C00E79ADA /* Products */,
			);
			sourceTree = "<group>";
		};
		CCC2C8912285BD4C00E79ADA /* Products */ = {
			isa = PBXGroup;
			children = (
				CCC2C8902285BD4C00E79ADA /* ProgressingActivityItemProvider.app */,
			);
			name = Products;
			sourceTree = "<group>";
		};
		CCC2C8922285BD4C00E79ADA /* ProgressingActivityItemProvider */ = {
			isa = PBXGroup;
			children = (
				CCC2C8932285BD4C00E79ADA /* AppDelegate.swift */,
				CCC2C89A2285BD4E00E79ADA /* Assets.xcassets */,
				CCC2C89F2285BD4E00E79ADA /* Info.plist */,
				CCC2C89C2285BD4E00E79ADA /* LaunchScreen.storyboard */,
				CCC2C8972285BD4C00E79ADA /* Main.storyboard */,
				CCC2C8A722860B2C00E79ADA /* Progress.storyboard */,
				CCC2C8A922860B6A00E79ADA /* ProgressViewController.swift */,
				CCC2C8AB2286302100E79ADA /* README.md */,
				CCC2C8A52285BEDA00E79ADA /* TimeConsumingActivityItemProvider.swift */,
				CCC2C8952285BD4C00E79ADA /* ViewController.swift */,
			);
			path = ProgressingActivityItemProvider;
			sourceTree = "<group>";
		};
/* End PBXGroup section */

/* Begin PBXNativeTarget section */
		CCC2C88F2285BD4C00E79ADA /* ProgressingActivityItemProvider */ = {
			isa = PBXNativeTarget;
			buildConfigurationList = CCC2C8A22285BD4E00E79ADA /* Build configuration list for PBXNativeTarget "ProgressingActivityItemProvider" */;
			buildPhases = (
				CCC2C88C2285BD4C00E79ADA /* Sources */,
				CCC2C88D2285BD4C00E79ADA /* Frameworks */,
				CCC2C88E2285BD4C00E79ADA /* Resources */,
			);
			buildRules = (
			);
			dependencies = (
			);
			name = ProgressingActivityItemProvider;
			productName = TestActivityItemProvider;
			productReference = CCC2C8902285BD4C00E79ADA /* ProgressingActivityItemProvider.app */;
			productType = "com.apple.product-type.application";
		};
/* End PBXNativeTarget section */

/* Begin PBXProject section */
		CCC2C8882285BD4C00E79ADA /* Project object */ = {
			isa = PBXProject;
			attributes = {
				LastSwiftUpdateCheck = 1020;
				LastUpgradeCheck = 1020;
				ORGANIZATIONNAME = "Kaz Yoshikawa";
				TargetAttributes = {
					CCC2C88F2285BD4C00E79ADA = {
						CreatedOnToolsVersion = 10.2.1;
					};
				};
			};
			buildConfigurationList = CCC2C88B2285BD4C00E79ADA /* Build configuration list for PBXProject "ProgressingActivityItemProvider" */;
			compatibilityVersion = "Xcode 9.3";
			developmentRegion = en;
			hasScannedForEncodings = 0;
			knownRegions = (
				en,
				Base,
			);
			mainGroup = CCC2C8872285BD4C00E79ADA;
			productRefGroup = CCC2C8912285BD4C00E79ADA /* Products */;
			projectDirPath = "";
			projectRoot = "";
			targets = (
				CCC2C88F2285BD4C00E79ADA /* ProgressingActivityItemProvider */,
			);
		};
/* End PBXProject section */

/* Begin PBXResourcesBuildPhase section */
		CCC2C88E2285BD4C00E79ADA /* Resources */ = {
			isa = PBXResourcesBuildPhase;
			buildActionMask = 2147483647;
			files = (
				CCC2C89E2285BD4E00E79ADA /* LaunchScreen.storyboard in Resources */,
				CCC2C89B2285BD4E00E79ADA /* Assets.xcassets in Resources */,
				CCC2C8AC2286302100E79ADA /* README.md in Resources */,
				CCC2C8992285BD4C00E79ADA /* Main.storyboard in Resources */,
				CCC2C8A822860B2C00E79ADA /* Progress.storyboard in Resources */,
			);
			runOnlyForDeploymentPostprocessing = 0;
		};
/* End PBXResourcesBuildPhase section */

/* Begin PBXSourcesBuildPhase section */
		CCC2C88C2285BD4C00E79ADA /* Sources */ = {
			isa = PBXSourcesBuildPhase;
			buildActionMask = 2147483647;
			files = (
				CCC2C8A62285BEDA00E79ADA /* TimeConsumingActivityItemProvider.swift in Sources */,
				CCC2C8962285BD4C00E79ADA /* ViewController.swift in Sources */,
				CCC2C8942285BD4C00E79ADA /* AppDelegate.swift in Sources */,
				CCC2C8AA22860B6A00E79ADA /* ProgressViewController.swift in Sources */,
			);
			runOnlyForDeploymentPostprocessing = 0;
		};
/* End PBXSourcesBuildPhase section */

/* Begin PBXVariantGroup section */
		CCC2C8972285BD4C00E79ADA /* Main.storyboard */ = {
			isa = PBXVariantGroup;
			children = (
				CCC2C8982285BD4C00E79ADA /* Base */,
			);
			name = Main.storyboard;
			sourceTree = "<group>";
		};
		CCC2C89C2285BD4E00E79ADA /* LaunchScreen.storyboard */ = {
			isa = PBXVariantGroup;
			children = (
				CCC2C89D2285BD4E00E79ADA /* Base */,
			);
			name = LaunchScreen.storyboard;
			sourceTree = "<group>";
		};
/* End PBXVariantGroup section */

/* Begin XCBuildConfiguration section */
		CCC2C8A02285BD4E00E79ADA /* Debug */ = {
			isa = XCBuildConfiguration;
			buildSettings = {
				ALWAYS_SEARCH_USER_PATHS = NO;
				CLANG_ANALYZER_NONNULL = YES;
				CLANG_ANALYZER_NUMBER_OBJECT_CONVERSION = YES_AGGRESSIVE;
				CLANG_CXX_LANGUAGE_STANDARD = "gnu++14";
				CLANG_CXX_LIBRARY = "libc++";
				CLANG_ENABLE_MODULES = YES;
				CLANG_ENABLE_OBJC_ARC = YES;
				CLANG_ENABLE_OBJC_WEAK = YES;
				CLANG_WARN_BLOCK_CAPTURE_AUTORELEASING = YES;
				CLANG_WARN_BOOL_CONVERSION = YES;
				CLANG_WARN_COMMA = YES;
				CLANG_WARN_CONSTANT_CONVERSION = YES;
				CLANG_WARN_DEPRECATED_OBJC_IMPLEMENTATIONS = YES;
				CLANG_WARN_DIRECT_OBJC_ISA_USAGE = YES_ERROR;
				CLANG_WARN_DOCUMENTATION_COMMENTS = YES;
				CLANG_WARN_EMPTY_BODY = YES;
				CLANG_WARN_ENUM_CONVERSION = YES;
				CLANG_WARN_INFINITE_RECURSION = YES;
				CLANG_WARN_INT_CONVERSION = YES;
				CLANG_WARN_NON_LITERAL_NULL_CONVERSION = YES;
				CLANG_WARN_OBJC_IMPLICIT_RETAIN_SELF = YES;
				CLANG_WARN_OBJC_LITERAL_CONVERSION = YES;
				CLANG_WARN_OBJC_ROOT_CLASS = YES_ERROR;
				CLANG_WARN_RANGE_LOOP_ANALYSIS = YES;
				CLANG_WARN_STRICT_PROTOTYPES = YES;
				CLANG_WARN_SUSPICIOUS_MOVE = YES;
				CLANG_WARN_UNGUARDED_AVAILABILITY = YES_AGGRESSIVE;
				CLANG_WARN_UNREACHABLE_CODE = YES;
				CLANG_WARN__DUPLICATE_METHOD_MATCH = YES;
				CODE_SIGN_IDENTITY = "iPhone Developer";
				COPY_PHASE_STRIP = NO;
				DEBUG_INFORMATION_FORMAT = dwarf;
				ENABLE_STRICT_OBJC_MSGSEND = YES;
				ENABLE_TESTABILITY = YES;
				GCC_C_LANGUAGE_STANDARD = gnu11;
				GCC_DYNAMIC_NO_PIC = NO;
				GCC_NO_COMMON_BLOCKS = YES;
				GCC_OPTIMIZATION_LEVEL = 0;
				GCC_PREPROCESSOR_DEFINITIONS = (
					"DEBUG=1",
					"$(inherited)",
				);
				GCC_WARN_64_TO_32_BIT_CONVERSION = YES;
				GCC_WARN_ABOUT_RETURN_TYPE = YES_ERROR;
				GCC_WARN_UNDECLARED_SELECTOR = YES;
				GCC_WARN_UNINITIALIZED_AUTOS = YES_AGGRESSIVE;
				GCC_WARN_UNUSED_FUNCTION = YES;
				GCC_WARN_UNUSED_VARIABLE = YES;
				IPHONEOS_DEPLOYMENT_TARGET = 12.2;
				MTL_ENABLE_DEBUG_INFO = INCLUDE_SOURCE;
				MTL_FAST_MATH = YES;
				ONLY_ACTIVE_ARCH = YES;
				SDKROOT = iphoneos;
				SWIFT_ACTIVE_COMPILATION_CONDITIONS = DEBUG;
				SWIFT_OPTIMIZATION_LEVEL = "-Onone";
			};
			name = Debug;
		};
		CCC2C8A12285BD4E00E79ADA /* Release */ = {
			isa = XCBuildConfiguration;
			buildSettings = {
				ALWAYS_SEARCH_USER_PATHS = NO;
				CLANG_ANALYZER_NONNULL = YES;
				CLANG_ANALYZER_NUMBER_OBJECT_CONVERSION = YES_AGGRESSIVE;
				CLANG_CXX_LANGUAGE_STANDARD = "gnu++14";
				CLANG_CXX_LIBRARY = "libc++";
				CLANG_ENABLE_MODULES = YES;
				CLANG_ENABLE_OBJC_ARC = YES;
				CLANG_ENABLE_OBJC_WEAK = YES;
				CLANG_WARN_BLOCK_CAPTURE_AUTORELEASING = YES;
				CLANG_WARN_BOOL_CONVERSION = YES;
				CLANG_WARN_COMMA = YES;
				CLANG_WARN_CONSTANT_CONVERSION = YES;
				CLANG_WARN_DEPRECATED_OBJC_IMPLEMENTATIONS = YES;
				CLANG_WARN_DIRECT_OBJC_ISA_USAGE = YES_ERROR;
				CLANG_WARN_DOCUMENTATION_COMMENTS = YES;
				CLANG_WARN_EMPTY_BODY = YES;
				CLANG_WARN_ENUM_CONVERSION = YES;
				CLANG_WARN_INFINITE_RECURSION = YES;
				CLANG_WARN_INT_CONVERSION = YES;
				CLANG_WARN_NON_LITERAL_NULL_CONVERSION = YES;
				CLANG_WARN_OBJC_IMPLICIT_RETAIN_SELF = YES;
				CLANG_WARN_OBJC_LITERAL_CONVERSION = YES;
				CLANG_WARN_OBJC_ROOT_CLASS = YES_ERROR;
				CLANG_WARN_RANGE_LOOP_ANALYSIS = YES;
				CLANG_WARN_STRICT_PROTOTYPES = YES;
				CLANG_WARN_SUSPICIOUS_MOVE = YES;
				CLANG_WARN_UNGUARDED_AVAILABILITY = YES_AGGRESSIVE;
				CLANG_WARN_UNREACHABLE_CODE = YES;
				CLANG_WARN__DUPLICATE_METHOD_MATCH = YES;
				CODE_SIGN_IDENTITY = "iPhone Developer";
				COPY_PHASE_STRIP = NO;
				DEBUG_INFORMATION_FORMAT = "dwarf-with-dsym";
				ENABLE_NS_ASSERTIONS = NO;
				ENABLE_STRICT_OBJC_MSGSEND = YES;
				GCC_C_LANGUAGE_STANDARD = gnu11;
				GCC_NO_COMMON_BLOCKS = YES;
				GCC_WARN_64_TO_32_BIT_CONVERSION = YES;
				GCC_WARN_ABOUT_RETURN_TYPE = YES_ERROR;
				GCC_WARN_UNDECLARED_SELECTOR = YES;
				GCC_WARN_UNINITIALIZED_AUTOS = YES_AGGRESSIVE;
				GCC_WARN_UNUSED_FUNCTION = YES;
				GCC_WARN_UNUSED_VARIABLE = YES;
				IPHONEOS_DEPLOYMENT_TARGET = 12.2;
				MTL_ENABLE_DEBUG_INFO = NO;
				MTL_FAST_MATH = YES;
				SDKROOT = iphoneos;
				SWIFT_COMPILATION_MODE = wholemodule;
				SWIFT_OPTIMIZATION_LEVEL = "-O";
				VALIDATE_PRODUCT = YES;
			};
			name = Release;
		};
		CCC2C8A32285BD4E00E79ADA /* Debug */ = {
			isa = XCBuildConfiguration;
			buildSettings = {
				ASSETCATALOG_COMPILER_APPICON_NAME = AppIcon;
				CODE_SIGN_STYLE = Automatic;
				DEVELOPMENT_TEAM = "";
				INFOPLIST_FILE = ProgressingActivityItemProvider/Info.plist;
				LD_RUNPATH_SEARCH_PATHS = (
					"$(inherited)",
					"@executable_path/Frameworks",
				);
				PRODUCT_BUNDLE_IDENTIFIER = com.electricwoods.ProgressingActivityItemProvider;
				PRODUCT_NAME = "$(TARGET_NAME)";
				SWIFT_VERSION = 5.0;
				TARGETED_DEVICE_FAMILY = "1,2";
			};
			name = Debug;
		};
		CCC2C8A42285BD4E00E79ADA /* Release */ = {
			isa = XCBuildConfiguration;
			buildSettings = {
				ASSETCATALOG_COMPILER_APPICON_NAME = AppIcon;
				CODE_SIGN_STYLE = Automatic;
				DEVELOPMENT_TEAM = "";
				INFOPLIST_FILE = ProgressingActivityItemProvider/Info.plist;
				LD_RUNPATH_SEARCH_PATHS = (
					"$(inherited)",
					"@executable_path/Frameworks",
				);
				PRODUCT_BUNDLE_IDENTIFIER = com.electricwoods.ProgressingActivityItemProvider;
				PRODUCT_NAME = "$(TARGET_NAME)";
				SWIFT_VERSION = 5.0;
				TARGETED_DEVICE_FAMILY = "1,2";
			};
			name = Release;
		};
/* End XCBuildConfiguration section */

/* Begin XCConfigurationList section */
		CCC2C88B2285BD4C00E79ADA /* Build configuration list for PBXProject "ProgressingActivityItemProvider" */ = {
			isa = XCConfigurationList;
			buildConfigurations = (
				CCC2C8A02285BD4E00E79ADA /* Debug */,
				CCC2C8A12285BD4E00E79ADA /* Release */,
			);
			defaultConfigurationIsVisible = 0;
			defaultConfigurationName = Release;
		};
		CCC2C8A22285BD4E00E79ADA /* Build configuration list for PBXNativeTarget "ProgressingActivityItemProvider" */ = {
			isa = XCConfigurationList;
			buildConfigurations = (
				CCC2C8A32285BD4E00E79ADA /* Debug */,
				CCC2C8A42285BD4E00E79ADA /* Release */,
			);
			defaultConfigurationIsVisible = 0;
			defaultConfigurationName = Release;
		};
/* End XCConfigurationList section */
	};
	rootObject = CCC2C8882285BD4C00E79ADA /* Project object */;
}
